
Microsoft Visual Studio Solution File, Format Version 12.00
# Visual Studio 2017
Project("{FAE04EC0-301F-11D3-BF4B-00C04F79EFBC}") = "Look Boss, No Hands!", "Look Boss, No Hands!.csproj", "{1DB67518-5235-9184-8272-2BB3247B8EEC}"
EndProject
Project("{FAE04EC0-301F-11D3-BF4B-00C04F79EFBC}") = "Look Boss, No Hands!.Editor", "Look Boss, No Hands!.Editor.csproj", "{4E80E1CC-EA5C-3083-1DC8-F32F876EEEE4}"
EndProject
Global
	GlobalSection(SolutionConfigurationPlatforms) = preSolution
		Debug|Any CPU = Debug|Any CPU
		Release|Any CPU = Release|Any CPU
	EndGlobalSection
	GlobalSection(ProjectConfigurationPlatforms) = postSolution
		{1DB67518-5235-9184-8272-2BB3247B8EEC}.Debug|Any CPU.ActiveCfg = Debug|Any CPU
		{1DB67518-5235-9184-8272-2BB3247B8EEC}.Debug|Any CPU.Build.0 = Debug|Any CPU
		{1DB67518-5235-9184-8272-2BB3247B8EEC}.Release|Any CPU.ActiveCfg = Release|Any CPU
		{1DB67518-5235-9184-8272-2BB3247B8EEC}.Release|Any CPU.Build.0 = Release|Any CPU
		{4E80E1CC-EA5C-3083-1DC8-F32F876EEEE4}.Debug|Any CPU.ActiveCfg = Debug|Any CPU
		{4E80E1CC-EA5C-3083-1DC8-F32F876EEEE4}.Debug|Any CPU.Build.0 = Debug|Any CPU
		{4E80E1CC-EA5C-3083-1DC8-F32F876EEEE4}.Release|Any CPU.ActiveCfg = Release|Any CPU
		{4E80E1CC-EA5C-3083-1DC8-F32F876EEEE4}.Release|Any CPU.Build.0 = Release|Any CPU
	EndGlobalSection
	GlobalSection(SolutionProperties) = preSolution
		HideSolutionNode = FALSE
	EndGlobalSection
EndGlobal
